// !$*UTF8*$!
{
	archiveVersion = 1;
	classes = {
	};
	objectVersion = 50;
	objects = {

/* Begin PBXBuildFile section */
		362BE1E8221886E300CD5561 /* AppDelegate.swift in Sources */ = {isa = PBXBuildFile; fileRef = 362BE1E7221886E300CD5561 /* AppDelegate.swift */; };
		362BE1EA221886E300CD5561 /* RecipeViewController.swift in Sources */ = {isa = PBXBuildFile; fileRef = 362BE1E9221886E300CD5561 /* RecipeViewController.swift */; };
		362BE1ED221886E300CD5561 /* Main.storyboard in Resources */ = {isa = PBXBuildFile; fileRef = 362BE1EB221886E300CD5561 /* Main.storyboard */; };
		362BE1EF221886E500CD5561 /* Assets.xcassets in Resources */ = {isa = PBXBuildFile; fileRef = 362BE1EE221886E500CD5561 /* Assets.xcassets */; };
		362BE1F2221886E500CD5561 /* LaunchScreen.storyboard in Resources */ = {isa = PBXBuildFile; fileRef = 362BE1F0221886E500CD5561 /* LaunchScreen.storyboard */; };
		362BE1FD2218CC7D00CD5561 /* WegmansDataModel.swift in Sources */ = {isa = PBXBuildFile; fileRef = 362BE1FC2218CC7D00CD5561 /* WegmansDataModel.swift */; };
		42D1D3A91C3DCD822862F2D5 /* Pods_BrickHacks.framework in Frameworks */ = {isa = PBXBuildFile; fileRef = 446BD8D70A8E0FDC337ECA22 /* Pods_BrickHacks.framework */; };
/* End PBXBuildFile section */

/* Begin PBXFileReference section */
		362BE1E4221886E300CD5561 /* BrickHacks.app */ = {isa = PBXFileReference; explicitFileType = wrapper.application; includeInIndex = 0; path = BrickHacks.app; sourceTree = BUILT_PRODUCTS_DIR; };
		362BE1E7221886E300CD5561 /* AppDelegate.swift */ = {isa = PBXFileReference; lastKnownFileType = sourcecode.swift; path = AppDelegate.swift; sourceTree = "<group>"; };
		362BE1E9221886E300CD5561 /* RecipeViewController.swift */ = {isa = PBXFileReference; lastKnownFileType = sourcecode.swift; path = RecipeViewController.swift; sourceTree = "<group>"; };
		362BE1EC221886E300CD5561 /* Base */ = {isa = PBXFileReference; lastKnownFileType = file.storyboard; name = Base; path = Base.lproj/Main.storyboard; sourceTree = "<group>"; };
		362BE1EE221886E500CD5561 /* Assets.xcassets */ = {isa = PBXFileReference; lastKnownFileType = folder.assetcatalog; path = Assets.xcassets; sourceTree = "<group>"; };
		362BE1F1221886E500CD5561 /* Base */ = {isa = PBXFileReference; lastKnownFileType = file.storyboard; name = Base; path = Base.lproj/LaunchScreen.storyboard; sourceTree = "<group>"; };
		362BE1F3221886E500CD5561 /* Info.plist */ = {isa = PBXFileReference; lastKnownFileType = text.plist.xml; path = Info.plist; sourceTree = "<group>"; };
		362BE1FC2218CC7D00CD5561 /* WegmansDataModel.swift */ = {isa = PBXFileReference; lastKnownFileType = sourcecode.swift; path = WegmansDataModel.swift; sourceTree = "<group>"; };
		446BD8D70A8E0FDC337ECA22 /* Pods_BrickHacks.framework */ = {isa = PBXFileReference; explicitFileType = wrapper.framework; includeInIndex = 0; path = Pods_BrickHacks.framework; sourceTree = BUILT_PRODUCTS_DIR; };
		9EB845DA2F98769EE1B2275A /* Pods-BrickHacks.release.xcconfig */ = {isa = PBXFileReference; includeInIndex = 1; lastKnownFileType = text.xcconfig; name = "Pods-BrickHacks.release.xcconfig"; path = "Pods/Target Support Files/Pods-BrickHacks/Pods-BrickHacks.release.xcconfig"; sourceTree = "<group>"; };
		B7B1E7C8CC77F41934B7EE51 /* Pods-BrickHacks.debug.xcconfig */ = {isa = PBXFileReference; includeInIndex = 1; lastKnownFileType = text.xcconfig; name = "Pods-BrickHacks.debug.xcconfig"; path = "Pods/Target Support Files/Pods-BrickHacks/Pods-BrickHacks.debug.xcconfig"; sourceTree = "<group>"; };
/* End PBXFileReference section */

/* Begin PBXFrameworksBuildPhase section */
		362BE1E1221886E300CD5561 /* Frameworks */ = {
			isa = PBXFrameworksBuildPhase;
			buildActionMask = 2147483647;
			files = (
				42D1D3A91C3DCD822862F2D5 /* Pods_BrickHacks.framework in Frameworks */,
			);
			runOnlyForDeploymentPostprocessing = 0;
		};
/* End PBXFrameworksBuildPhase section */

/* Begin PBXGroup section */
		362BE1DB221886E300CD5561 = {
			isa = PBXGroup;
			children = (
				362BE1E6221886E300CD5561 /* BrickHacks */,
				362BE1E5221886E300CD5561 /* Products */,
				362BE1FE2218D42100CD5561 /* Supporting Files */,
				572732AD35E1102F80AD1BDC /* Pods */,
				95A3C69B06ED03C43CE83A88 /* Frameworks */,
			);
			sourceTree = "<group>";
		};
		362BE1E5221886E300CD5561 /* Products */ = {
			isa = PBXGroup;
			children = (
				362BE1E4221886E300CD5561 /* BrickHacks.app */,
			);
			name = Products;
			sourceTree = "<group>";
		};
		362BE1E6221886E300CD5561 /* BrickHacks */ = {
			isa = PBXGroup;
			children = (
				362BE1FA2218BD5300CD5561 /* Model */,
				362BE1F92218BD4800CD5561 /* View */,
				362BE1FB2218C4CA00CD5561 /* Controller */,
				362BE1EE221886E500CD5561 /* Assets.xcassets */,
				362BE1F0221886E500CD5561 /* LaunchScreen.storyboard */,
			);
			path = BrickHacks;
			sourceTree = "<group>";
		};
		362BE1F92218BD4800CD5561 /* View */ = {
			isa = PBXGroup;
			children = (
				362BE1EB221886E300CD5561 /* Main.storyboard */,
			);
			path = View;
			sourceTree = "<group>";
		};
		362BE1FA2218BD5300CD5561 /* Model */ = {
			isa = PBXGroup;
			children = (
				362BE1FC2218CC7D00CD5561 /* WegmansDataModel.swift */,
			);
			path = Model;
			sourceTree = "<group>";
		};
		362BE1FB2218C4CA00CD5561 /* Controller */ = {
			isa = PBXGroup;
			children = (
				362BE1E7221886E300CD5561 /* AppDelegate.swift */,
				362BE1E9221886E300CD5561 /* RecipeViewController.swift */,
			);
			path = Controller;
			sourceTree = "<group>";
		};
		362BE1FE2218D42100CD5561 /* Supporting Files */ = {
			isa = PBXGroup;
			children = (
				362BE1F3221886E500CD5561 /* Info.plist */,
			);
			path = "Supporting Files";
			sourceTree = "<group>";
		};
		572732AD35E1102F80AD1BDC /* Pods */ = {
			isa = PBXGroup;
			children = (
				B7B1E7C8CC77F41934B7EE51 /* Pods-BrickHacks.debug.xcconfig */,
				9EB845DA2F98769EE1B2275A /* Pods-BrickHacks.release.xcconfig */,
			);
			name = Pods;
			sourceTree = "<group>";
		};
		95A3C69B06ED03C43CE83A88 /* Frameworks */ = {
			isa = PBXGroup;
			children = (
				446BD8D70A8E0FDC337ECA22 /* Pods_BrickHacks.framework */,
			);
			name = Frameworks;
			sourceTree = "<group>";
		};
/* End PBXGroup section */

/* Begin PBXNativeTarget section */
		362BE1E3221886E300CD5561 /* BrickHacks */ = {
			isa = PBXNativeTarget;
			buildConfigurationList = 362BE1F6221886E500CD5561 /* Build configuration list for PBXNativeTarget "BrickHacks" */;
			buildPhases = (
				39AFD0C7D85BA9DBFD2A180C /* [CP] Check Pods Manifest.lock */,
				362BE1E0221886E300CD5561 /* Sources */,
				362BE1E1221886E300CD5561 /* Frameworks */,
				362BE1E2221886E300CD5561 /* Resources */,
				28159283F803BCCEA76C8CA0 /* [CP] Embed Pods Frameworks */,
			);
			buildRules = (
			);
			dependencies = (
			);
			name = BrickHacks;
			productName = BrickHacks;
			productReference = 362BE1E4221886E300CD5561 /* BrickHacks.app */;
			productType = "com.apple.product-type.application";
		};
/* End PBXNativeTarget section */

/* Begin PBXProject section */
		362BE1DC221886E300CD5561 /* Project object */ = {
			isa = PBXProject;
			attributes = {
				LastSwiftUpdateCheck = 1010;
				LastUpgradeCheck = 1010;
				ORGANIZATIONNAME = "Peter Huang";
				TargetAttributes = {
					362BE1E3221886E300CD5561 = {
						CreatedOnToolsVersion = 10.1;
					};
				};
			};
			buildConfigurationList = 362BE1DF221886E300CD5561 /* Build configuration list for PBXProject "BrickHacks" */;
			compatibilityVersion = "Xcode 9.3";
			developmentRegion = en;
			hasScannedForEncodings = 0;
			knownRegions = (
				en,
				Base,
			);
			mainGroup = 362BE1DB221886E300CD5561;
			productRefGroup = 362BE1E5221886E300CD5561 /* Products */;
			projectDirPath = "";
			projectRoot = "";
			targets = (
				362BE1E3221886E300CD5561 /* BrickHacks */,
			);
		};
/* End PBXProject section */

/* Begin PBXResourcesBuildPhase section */
		362BE1E2221886E300CD5561 /* Resources */ = {
			isa = PBXResourcesBuildPhase;
			buildActionMask = 2147483647;
			files = (
				362BE1F2221886E500CD5561 /* LaunchScreen.storyboard in Resources */,
				362BE1EF221886E500CD5561 /* Assets.xcassets in Resources */,
				362BE1ED221886E300CD5561 /* Main.storyboard in Resources */,
			);
			runOnlyForDeploymentPostprocessing = 0;
		};
/* End PBXResourcesBuildPhase section */

/* Begin PBXShellScriptBuildPhase section */
		28159283F803BCCEA76C8CA0 /* [CP] Embed Pods Frameworks */ = {
			isa = PBXShellScriptBuildPhase;
			buildActionMask = 2147483647;
			files = (
			);
			inputFileListPaths = (
			);
			inputPaths = (
				"${SRCROOT}/Pods/Target Support Files/Pods-BrickHacks/Pods-BrickHacks-frameworks.sh",
				"${BUILT_PRODUCTS_DIR}/Alamofire/Alamofire.framework",
				"${BUILT_PRODUCTS_DIR}/SVProgressHUD/SVProgressHUD.framework",
				"${BUILT_PRODUCTS_DIR}/SwiftyJSON/SwiftyJSON.framework",
			);
			name = "[CP] Embed Pods Frameworks";
			outputFileListPaths = (
			);
			outputPaths = (
				"${TARGET_BUILD_DIR}/${FRAMEWORKS_FOLDER_PATH}/Alamofire.framework",
				"${TARGET_BUILD_DIR}/${FRAMEWORKS_FOLDER_PATH}/SVProgressHUD.framework",
				"${TARGET_BUILD_DIR}/${FRAMEWORKS_FOLDER_PATH}/SwiftyJSON.framework",
			);
			runOnlyForDeploymentPostprocessing = 0;
			shellPath = /bin/sh;
			shellScript = "\"${SRCROOT}/Pods/Target Support Files/Pods-BrickHacks/Pods-BrickHacks-frameworks.sh\"\n";
			showEnvVarsInLog = 0;
		};
		39AFD0C7D85BA9DBFD2A180C /* [CP] Check Pods Manifest.lock */ = {
			isa = PBXShellScriptBuildPhase;
			buildActionMask = 2147483647;
			files = (
			);
			inputFileListPaths = (
			);
			inputPaths = (
				"${PODS_PODFILE_DIR_PATH}/Podfile.lock",
				"${PODS_ROOT}/Manifest.lock",
			);
			name = "[CP] Check Pods Manifest.lock";
			outputFileListPaths = (
			);
			outputPaths = (
				"$(DERIVED_FILE_DIR)/Pods-BrickHacks-checkManifestLockResult.txt",
			);
			runOnlyForDeploymentPostprocessing = 0;
			shellPath = /bin/sh;
			shellScript = "diff \"${PODS_PODFILE_DIR_PATH}/Podfile.lock\" \"${PODS_ROOT}/Manifest.lock\" > /dev/null\nif [ $? != 0 ] ; then\n    # print error to STDERR\n    echo \"error: The sandbox is not in sync with the Podfile.lock. Run 'pod install' or update your CocoaPods installation.\" >&2\n    exit 1\nfi\n# This output is used by Xcode 'outputs' to avoid re-running this script phase.\necho \"SUCCESS\" > \"${SCRIPT_OUTPUT_FILE_0}\"\n";
			showEnvVarsInLog = 0;
		};
/* End PBXShellScriptBuildPhase section */

/* Begin PBXSourcesBuildPhase section */
		362BE1E0221886E300CD5561 /* Sources */ = {
			isa = PBXSourcesBuildPhase;
			buildActionMask = 2147483647;
			files = (
				362BE1EA221886E300CD5561 /* RecipeViewController.swift in Sources */,
				362BE1FD2218CC7D00CD5561 /* WegmansDataModel.swift in Sources */,
				362BE1E8221886E300CD5561 /* AppDelegate.swift in Sources */,
			);
			runOnlyForDeploymentPostprocessing = 0;
		};
/* End PBXSourcesBuildPhase section */

/* Begin PBXVariantGroup section */
		362BE1EB221886E300CD5561 /* Main.storyboard */ = {
			isa = PBXVariantGroup;
			children = (
				362BE1EC221886E300CD5561 /* Base */,
			);
			name = Main.storyboard;
			sourceTree = "<group>";
		};
		362BE1F0221886E500CD5561 /* LaunchScreen.storyboard */ = {
			isa = PBXVariantGroup;
			children = (
				362BE1F1221886E500CD5561 /* Base */,
			);
			name = LaunchScreen.storyboard;
			sourceTree = "<group>";
		};
/* End PBXVariantGroup section */

/* Begin XCBuildConfiguration section */
		362BE1F4221886E500CD5561 /* Debug */ = {
			isa = XCBuildConfiguration;
			buildSettings = {
				ALWAYS_SEARCH_USER_PATHS = NO;
				CLANG_ANALYZER_NONNULL = YES;
				CLANG_ANALYZER_NUMBER_OBJECT_CONVERSION = YES_AGGRESSIVE;
				CLANG_CXX_LANGUAGE_STANDARD = "gnu++14";
				CLANG_CXX_LIBRARY = "libc++";
				CLANG_ENABLE_MODULES = YES;
				CLANG_ENABLE_OBJC_ARC = YES;
				CLANG_ENABLE_OBJC_WEAK = YES;
				CLANG_WARN_BLOCK_CAPTURE_AUTORELEASING = YES;
				CLANG_WARN_BOOL_CONVERSION = YES;
				CLANG_WARN_COMMA = YES;
				CLANG_WARN_CONSTANT_CONVERSION = YES;
				CLANG_WARN_DEPRECATED_OBJC_IMPLEMENTATIONS = YES;
				CLANG_WARN_DIRECT_OBJC_ISA_USAGE = YES_ERROR;
				CLANG_WARN_DOCUMENTATION_COMMENTS = YES;
				CLANG_WARN_EMPTY_BODY = YES;
				CLANG_WARN_ENUM_CONVERSION = YES;
				CLANG_WARN_INFINITE_RECURSION = YES;
				CLANG_WARN_INT_CONVERSION = YES;
				CLANG_WARN_NON_LITERAL_NULL_CONVERSION = YES;
				CLANG_WARN_OBJC_IMPLICIT_RETAIN_SELF = YES;
				CLANG_WARN_OBJC_LITERAL_CONVERSION = YES;
				CLANG_WARN_OBJC_ROOT_CLASS = YES_ERROR;
				CLANG_WARN_RANGE_LOOP_ANALYSIS = YES;
				CLANG_WARN_STRICT_PROTOTYPES = YES;
				CLANG_WARN_SUSPICIOUS_MOVE = YES;
				CLANG_WARN_UNGUARDED_AVAILABILITY = YES_AGGRESSIVE;
				CLANG_WARN_UNREACHABLE_CODE = YES;
				CLANG_WARN__DUPLICATE_METHOD_MATCH = YES;
				CODE_SIGN_IDENTITY = "iPhone Developer";
				COPY_PHASE_STRIP = NO;
				DEBUG_INFORMATION_FORMAT = dwarf;
				ENABLE_STRICT_OBJC_MSGSEND = YES;
				ENABLE_TESTABILITY = YES;
				GCC_C_LANGUAGE_STANDARD = gnu11;
				GCC_DYNAMIC_NO_PIC = NO;
				GCC_NO_COMMON_BLOCKS = YES;
				GCC_OPTIMIZATION_LEVEL = 0;
				GCC_PREPROCESSOR_DEFINITIONS = (
					"DEBUG=1",
					"$(inherited)",
				);
				GCC_WARN_64_TO_32_BIT_CONVERSION = YES;
				GCC_WARN_ABOUT_RETURN_TYPE = YES_ERROR;
				GCC_WARN_UNDECLARED_SELECTOR = YES;
				GCC_WARN_UNINITIALIZED_AUTOS = YES_AGGRESSIVE;
				GCC_WARN_UNUSED_FUNCTION = YES;
				GCC_WARN_UNUSED_VARIABLE = YES;
				IPHONEOS_DEPLOYMENT_TARGET = 12.1;
				MTL_ENABLE_DEBUG_INFO = INCLUDE_SOURCE;
				MTL_FAST_MATH = YES;
				ONLY_ACTIVE_ARCH = YES;
				SDKROOT = iphoneos;
				SWIFT_ACTIVE_COMPILATION_CONDITIONS = DEBUG;
				SWIFT_OPTIMIZATION_LEVEL = "-Onone";
			};
			name = Debug;
		};
		362BE1F5221886E500CD5561 /* Release */ = {
			isa = XCBuildConfiguration;
			buildSettings = {
				ALWAYS_SEARCH_USER_PATHS = NO;
				CLANG_ANALYZER_NONNULL = YES;
				CLANG_ANALYZER_NUMBER_OBJECT_CONVERSION = YES_AGGRESSIVE;
				CLANG_CXX_LANGUAGE_STANDARD = "gnu++14";
				CLANG_CXX_LIBRARY = "libc++";
				CLANG_ENABLE_MODULES = YES;
				CLANG_ENABLE_OBJC_ARC = YES;
				CLANG_ENABLE_OBJC_WEAK = YES;
				CLANG_WARN_BLOCK_CAPTURE_AUTORELEASING = YES;
				CLANG_WARN_BOOL_CONVERSION = YES;
				CLANG_WARN_COMMA = YES;
				CLANG_WARN_CONSTANT_CONVERSION = YES;
				CLANG_WARN_DEPRECATED_OBJC_IMPLEMENTATIONS = YES;
				CLANG_WARN_DIRECT_OBJC_ISA_USAGE = YES_ERROR;
				CLANG_WARN_DOCUMENTATION_COMMENTS = YES;
				CLANG_WARN_EMPTY_BODY = YES;
				CLANG_WARN_ENUM_CONVERSION = YES;
				CLANG_WARN_INFINITE_RECURSION = YES;
				CLANG_WARN_INT_CONVERSION = YES;
				CLANG_WARN_NON_LITERAL_NULL_CONVERSION = YES;
				CLANG_WARN_OBJC_IMPLICIT_RETAIN_SELF = YES;
				CLANG_WARN_OBJC_LITERAL_CONVERSION = YES;
				CLANG_WARN_OBJC_ROOT_CLASS = YES_ERROR;
				CLANG_WARN_RANGE_LOOP_ANALYSIS = YES;
				CLANG_WARN_STRICT_PROTOTYPES = YES;
				CLANG_WARN_SUSPICIOUS_MOVE = YES;
				CLANG_WARN_UNGUARDED_AVAILABILITY = YES_AGGRESSIVE;
				CLANG_WARN_UNREACHABLE_CODE = YES;
				CLANG_WARN__DUPLICATE_METHOD_MATCH = YES;
				CODE_SIGN_IDENTITY = "iPhone Developer";
				COPY_PHASE_STRIP = NO;
				DEBUG_INFORMATION_FORMAT = "dwarf-with-dsym";
				ENABLE_NS_ASSERTIONS = NO;
				ENABLE_STRICT_OBJC_MSGSEND = YES;
				GCC_C_LANGUAGE_STANDARD = gnu11;
				GCC_NO_COMMON_BLOCKS = YES;
				GCC_WARN_64_TO_32_BIT_CONVERSION = YES;
				GCC_WARN_ABOUT_RETURN_TYPE = YES_ERROR;
				GCC_WARN_UNDECLARED_SELECTOR = YES;
				GCC_WARN_UNINITIALIZED_AUTOS = YES_AGGRESSIVE;
				GCC_WARN_UNUSED_FUNCTION = YES;
				GCC_WARN_UNUSED_VARIABLE = YES;
				IPHONEOS_DEPLOYMENT_TARGET = 12.1;
				MTL_ENABLE_DEBUG_INFO = NO;
				MTL_FAST_MATH = YES;
				SDKROOT = iphoneos;
				SWIFT_COMPILATION_MODE = wholemodule;
				SWIFT_OPTIMIZATION_LEVEL = "-O";
				VALIDATE_PRODUCT = YES;
			};
			name = Release;
		};
		362BE1F7221886E500CD5561 /* Debug */ = {
			isa = XCBuildConfiguration;
			baseConfigurationReference = B7B1E7C8CC77F41934B7EE51 /* Pods-BrickHacks.debug.xcconfig */;
			buildSettings = {
				ASSETCATALOG_COMPILER_APPICON_NAME = AppIcon;
				CODE_SIGN_STYLE = Automatic;
				DEVELOPMENT_TEAM = "";
				INFOPLIST_FILE = BrickHacks/Info.plist;
				LD_RUNPATH_SEARCH_PATHS = (
					"$(inherited)",
					"@executable_path/Frameworks",
				);
				PRODUCT_BUNDLE_IDENTIFIER = com.bankerbrad2.BrickHacks;
				PRODUCT_NAME = "$(TARGET_NAME)";
				SWIFT_VERSION = 4.2;
				TARGETED_DEVICE_FAMILY = "1,2";
			};
			name = Debug;
		};
		362BE1F8221886E500CD5561 /* Release */ = {
			isa = XCBuildConfiguration;
			baseConfigurationReference = 9EB845DA2F98769EE1B2275A /* Pods-BrickHacks.release.xcconfig */;
			buildSettings = {
				ASSETCATALOG_COMPILER_APPICON_NAME = AppIcon;
				CODE_SIGN_STYLE = Automatic;
				DEVELOPMENT_TEAM = "";
				INFOPLIST_FILE = BrickHacks/Info.plist;
				LD_RUNPATH_SEARCH_PATHS = (
					"$(inherited)",
					"@executable_path/Frameworks",
				);
				PRODUCT_BUNDLE_IDENTIFIER = com.bankerbrad2.BrickHacks;
				PRODUCT_NAME = "$(TARGET_NAME)";
				SWIFT_VERSION = 4.2;
				TARGETED_DEVICE_FAMILY = "1,2";
			};
			name = Release;
		};
/* End XCBuildConfiguration section */

/* Begin XCConfigurationList section */
		362BE1DF221886E300CD5561 /* Build configuration list for PBXProject "BrickHacks" */ = {
			isa = XCConfigurationList;
			buildConfigurations = (
				362BE1F4221886E500CD5561 /* Debug */,
				362BE1F5221886E500CD5561 /* Release */,
			);
			defaultConfigurationIsVisible = 0;
			defaultConfigurationName = Release;
		};
		362BE1F6221886E500CD5561 /* Build configuration list for PBXNativeTarget "BrickHacks" */ = {
			isa = XCConfigurationList;
			buildConfigurations = (
				362BE1F7221886E500CD5561 /* Debug */,
				362BE1F8221886E500CD5561 /* Release */,
			);
			defaultConfigurationIsVisible = 0;
			defaultConfigurationName = Release;
		};
/* End XCConfigurationList section */
	};
	rootObject = 362BE1DC221886E300CD5561 /* Project object */;
}
